<?xml version="1.0" encoding="utf-8"?>
<Project ToolsVersion="4.0" xmlns="http://schemas.microsoft.com/developer/msbuild/2003">
  <ItemGroup>
    <ClCompile Include="source\tests\TestsMain.cpp" />
    <ClCompile Include="source\tests\TestsNewLine.cpp" />
    <ClCompile Include="source\tests\TestsIndentation.cpp" />
    <ClCompile Include="source\tests\TestsBraces.cpp" />
    <ClCompile Include="source\tests\TestsStringWriter.cpp" />
    <ClCompile Include="source\tests\TestsConsoleWriter.cpp" />
    <ClCompile Include="source\tests\TestsFileWriter.cpp" />
    <ClCompile Include="source\tests\TestsCompareWriter.cpp" />
    <ClCompile Include="source\tests\TestsCommentLine.cpp" />
  </ItemGroup>
  <ItemGroup>
    <Filter Include="include">
      <UniqueIdentifier>{82ca68ea-368f-48e5-807b-e605c58826bf}</UniqueIdentifier>
    </Filter>
    <Filter Include="include\writers">
      <UniqueIdentifier>{10e346a6-8df9-41da-af92-efc24f0f5dba}</UniqueIdentifier>
    </Filter>
    <Filter Include="include\commands">
      <UniqueIdentifier>{fad54aaf-3aea-4fe7-846d-e42cce31ac83}</UniqueIdentifier>
    </Filter>
  </ItemGroup>
  <ItemGroup>
    <ClInclude Include="include\Panini.hpp">
      <Filter>include</Filter>
    </ClInclude>
    <ClInclude Include="include\writers\WriterBase.hpp">
      <Filter>include\writers</Filter>
    </ClInclude>
    <ClInclude Include="include\Config.hpp">
      <Filter>include</Filter>
    </ClInclude>
    <ClInclude Include="include\writers\StringWriter.hpp">
      <Filter>include\writers</Filter>
    </ClInclude>
    <ClInclude Include="include\commands\NextLine.hpp">
      <Filter>include\commands</Filter>
    </ClInclude>
    <ClInclude Include="include\commands\IndentPush.hpp">
      <Filter>include\commands</Filter>
    </ClInclude>
    <ClInclude Include="include\commands\IndentPop.hpp">
      <Filter>include\commands</Filter>
    </ClInclude>
    <ClInclude Include="include\commands\CommandBase.hpp">
      <Filter>include\commands</Filter>
    </ClInclude>
    <ClInclude Include="include\commands\Braces.hpp">
      <Filter>include\commands</Filter>
    </ClInclude>
    <ClInclude Include="include\writers\ConsoleWriter.hpp">
      <Filter>include\writers</Filter>
    </ClInclude>
    <ClInclude Include="include\writers\CompareWriter.hpp">
      <Filter>include\writers</Filter>
    </ClInclude>
    <ClInclude Include="include\writers\FileWriter.hpp">
      <Filter>include\writers</Filter>
    </ClInclude>
  </ItemGroup>
</Project>