
Microsoft Visual Studio Solution File, Format Version 12.00
# Visual Studio 15
VisualStudioVersion = 15.0.28307.1062
MinimumVisualStudioVersion = 10.0.40219.1
Project("{8BC9CEB8-8B4A-11D0-8D11-00A0C91BC942}") = "Panini", "Panini.vcxproj", "{A9A6AFAA-77B2-4507-A866-8CDECA4CBFF5}"
EndProject
Global
	GlobalSection(SolutionConfigurationPlatforms) = preSolution
		Debug|x64 = Debug|x64
		Release|x64 = Release|x64
	EndGlobalSection
	GlobalSection(ProjectConfigurationPlatforms) = postSolution
		{A9A6AFAA-77B2-4507-A866-8CDECA4CBFF5}.Debug|x64.ActiveCfg = Debug|x64
		{A9A6AFAA-77B2-4507-A866-8CDECA4CBFF5}.Debug|x64.Build.0 = Debug|x64
		{A9A6AFAA-77B2-4507-A866-8CDECA4CBFF5}.Release|x64.ActiveCfg = Release|x64
		{A9A6AFAA-77B2-4507-A866-8CDECA4CBFF5}.Release|x64.Build.0 = Release|x64
	EndGlobalSection
	GlobalSection(SolutionProperties) = preSolution
		HideSolutionNode = FALSE
	EndGlobalSection
	GlobalSection(ExtensibilityGlobals) = postSolution
		SolutionGuid = {FD468124-4B84-488A-A6C2-FE460A5AD4A0}
	EndGlobalSection
EndGlobal
